github.com/caseymrm/askm v1.0.0 h1:Ff5QN5GwuyCzg63++hU1jV+1JVYHYd0sw6KUkVd2GiQ=
github.com/caseymrm/askm v1.0.0/go.mod h1:raj+vtH8SsGkuSg1/970qaONNyNlIb7zFv2LDVk6j+U=
github.com/caseymrm/menuet v1.0.1 h1:7WCqrmb04Wh4iq7c7+LOPx1nookwV7xo2//Da3pEQ1o=
github.com/caseymrm/menuet v1.0.1/go.mod h1:Vdn4A7NdnGnx9CwlhyhAn4ii5xrpQkvaONdzpTyJ4j0=
github.com/kevinburke/ssh_config v1.2.0 h1:x584FjTGwHzMwvHx18PXxbBVzfnxogHaAReU4gf13a4=
github.com/kevinburke/ssh_config v1.2.0/go.mod h1:CT57kijsi8u/K/BOFA39wgDQJ9CxiF4nAY/ojJ6r6mM=
golang.org/x/crypto v0.11.0 h1:6Ewdq3tDic1mg5xRO4milcWCfMVQhI4NkqWWvqejpuA=
golang.org/x/crypto v0.11.0/go.mod h1:xgJhtzW8F9jGdVFWZESrid1U1bjeNy4zgy5cRr/CIio=
golang.org/x/sys v0.10.0 h1:SqMFp9UcQJZa+pmYuAKjd9xq1f0j5rLcDIk0mj4qAsA=
golang.org/x/sys v0.10.0/go.mod h1:oPkhp1MJrh7nUepCBck5+mAzfO9JrbApNNgaTdGDITg=
